
Microsoft Visual Studio Solution File, Format Version 12.00
# Visual Studio Version 17
VisualStudioVersion = 17.7.34031.279
MinimumVisualStudioVersion = 10.0.40219.1
Project("{FAE04EC0-301F-11D3-BF4B-00C04F79EFBC}") = "AuthAPI", "AuthAPI\AuthAPI.csproj", "{CFA33749-150C-4A4F-AB3D-29DD8E0DC000}"
EndProject
Project("{9A19103F-16F7-4668-BE54-9A1E7A4F7556}") = "ExampleAPI", "ExampleAPI\ExampleAPI.csproj", "{D16DC3ED-C15E-4334-8F96-61DACB3A1C3B}"
EndProject
Global
	GlobalSection(SolutionConfigurationPlatforms) = preSolution
		Debug|Any CPU = Debug|Any CPU
		Release|Any CPU = Release|Any CPU
	EndGlobalSection
	GlobalSection(ProjectConfigurationPlatforms) = postSolution
		{CFA33749-150C-4A4F-AB3D-29DD8E0DC000}.Debug|Any CPU.ActiveCfg = Debug|Any CPU
		{CFA33749-150C-4A4F-AB3D-29DD8E0DC000}.Debug|Any CPU.Build.0 = Debug|Any CPU
		{CFA33749-150C-4A4F-AB3D-29DD8E0DC000}.Release|Any CPU.ActiveCfg = Release|Any CPU
		{CFA33749-150C-4A4F-AB3D-29DD8E0DC000}.Release|Any CPU.Build.0 = Release|Any CPU
		{D16DC3ED-C15E-4334-8F96-61DACB3A1C3B}.Debug|Any CPU.ActiveCfg = Debug|Any CPU
		{D16DC3ED-C15E-4334-8F96-61DACB3A1C3B}.Debug|Any CPU.Build.0 = Debug|Any CPU
		{D16DC3ED-C15E-4334-8F96-61DACB3A1C3B}.Release|Any CPU.ActiveCfg = Release|Any CPU
		{D16DC3ED-C15E-4334-8F96-61DACB3A1C3B}.Release|Any CPU.Build.0 = Release|Any CPU
	EndGlobalSection
	GlobalSection(SolutionProperties) = preSolution
		HideSolutionNode = FALSE
	EndGlobalSection
	GlobalSection(ExtensibilityGlobals) = postSolution
		SolutionGuid = {74EB39BC-9955-472C-B962-04C6E8B7B433}
	EndGlobalSection
EndGlobal
